
Microsoft Visual Studio Solution File, Format Version 12.00
# Visual Studio Version 16
VisualStudioVersion = 16.0.31515.178
MinimumVisualStudioVersion = 10.0.40219.1
Project("{FAE04EC0-301F-11D3-BF4B-00C04F79EFBC}") = "Week2-AC", "Week2-AC\Week2-AC.csproj", "{EDA831D3-1609-45E7-91CA-58E8887CB563}"
EndProject
Global
	GlobalSection(SolutionConfigurationPlatforms) = preSolution
		Debug|Any CPU = Debug|Any CPU
		Release|Any CPU = Release|Any CPU
	EndGlobalSection
	GlobalSection(ProjectConfigurationPlatforms) = postSolution
		{EDA831D3-1609-45E7-91CA-58E8887CB563}.Debug|Any CPU.ActiveCfg = Debug|Any CPU
		{EDA831D3-1609-45E7-91CA-58E8887CB563}.Debug|Any CPU.Build.0 = Debug|Any CPU
		{EDA831D3-1609-45E7-91CA-58E8887CB563}.Release|Any CPU.ActiveCfg = Release|Any CPU
		{EDA831D3-1609-45E7-91CA-58E8887CB563}.Release|Any CPU.Build.0 = Release|Any CPU
	EndGlobalSection
	GlobalSection(SolutionProperties) = preSolution
		HideSolutionNode = FALSE
	EndGlobalSection
	GlobalSection(ExtensibilityGlobals) = postSolution
		SolutionGuid = {17BF1578-FBD8-4CD7-8A1B-EDA44C613895}
	EndGlobalSection
EndGlobal
